
Microsoft Visual Studio Solution File, Format Version 12.00
# Visual Studio 15
VisualStudioVersion = 15.0.28010.2041
MinimumVisualStudioVersion = 10.0.40219.1
Project("{FAE04EC0-301F-11D3-BF4B-00C04F79EFBC}") = "wordpressAutomation", "wordpressAutomation\wordpressAutomation.csproj", "{7B618939-D0DF-47E3-B9A6-F9E211DF95C7}"
EndProject
Project("{FAE04EC0-301F-11D3-BF4B-00C04F79EFBC}") = "wordpressTests", "wordpressTests\wordpressTests.csproj", "{AB6B36ED-C530-4EBB-971E-818094180E64}"
EndProject
Global
	GlobalSection(SolutionConfigurationPlatforms) = preSolution
		Debug|Any CPU = Debug|Any CPU
		Release|Any CPU = Release|Any CPU
	EndGlobalSection
	GlobalSection(ProjectConfigurationPlatforms) = postSolution
		{7B618939-D0DF-47E3-B9A6-F9E211DF95C7}.Debug|Any CPU.ActiveCfg = Debug|Any CPU
		{7B618939-D0DF-47E3-B9A6-F9E211DF95C7}.Debug|Any CPU.Build.0 = Debug|Any CPU
		{7B618939-D0DF-47E3-B9A6-F9E211DF95C7}.Release|Any CPU.ActiveCfg = Release|Any CPU
		{7B618939-D0DF-47E3-B9A6-F9E211DF95C7}.Release|Any CPU.Build.0 = Release|Any CPU
		{AB6B36ED-C530-4EBB-971E-818094180E64}.Debug|Any CPU.ActiveCfg = Debug|Any CPU
		{AB6B36ED-C530-4EBB-971E-818094180E64}.Debug|Any CPU.Build.0 = Debug|Any CPU
		{AB6B36ED-C530-4EBB-971E-818094180E64}.Release|Any CPU.ActiveCfg = Release|Any CPU
		{AB6B36ED-C530-4EBB-971E-818094180E64}.Release|Any CPU.Build.0 = Release|Any CPU
	EndGlobalSection
	GlobalSection(SolutionProperties) = preSolution
		HideSolutionNode = FALSE
	EndGlobalSection
	GlobalSection(ExtensibilityGlobals) = postSolution
		SolutionGuid = {6CB01E1F-0969-443D-85D0-58F3680EE750}
	EndGlobalSection
EndGlobal
